
Microsoft Visual Studio Solution File, Format Version 12.00
# Visual Studio Version 17
VisualStudioVersion = 17.0.31903.59
MinimumVisualStudioVersion = 10.0.40219.1
Project("{2150E333-8FDC-42A3-9474-1A3956D46DE8}") = "src", "src", "{827E0CD3-B72D-47B6-A68D-7590B98EB39B}"
EndProject
Project("{FAE04EC0-301F-11D3-BF4B-00C04F79EFBC}") = "OpenPlane.App", "src\OpenPlane.App\OpenPlane.App.csproj", "{E4E77B48-A6EC-4A7F-B040-F5FA433D13F5}"
EndProject
Project("{FAE04EC0-301F-11D3-BF4B-00C04F79EFBC}") = "OpenPlane.Core", "src\OpenPlane.Core\OpenPlane.Core.csproj", "{4A95D79D-FECB-4F01-8F8F-9D9C10C484AE}"
EndProject
Project("{FAE04EC0-301F-11D3-BF4B-00C04F79EFBC}") = "OpenPlane.Storage", "src\OpenPlane.Storage\OpenPlane.Storage.csproj", "{63474659-B636-4A6C-922A-7C8A2D817B9E}"
EndProject
Project("{FAE04EC0-301F-11D3-BF4B-00C04F79EFBC}") = "OpenPlane.Connectors.Mcp", "src\OpenPlane.Connectors.Mcp\OpenPlane.Connectors.Mcp.csproj", "{7FFA30AF-A990-44F3-8934-1C033FC5BEFF}"
EndProject
Project("{FAE04EC0-301F-11D3-BF4B-00C04F79EFBC}") = "OpenPlane.AgentHost", "src\OpenPlane.AgentHost\OpenPlane.AgentHost.csproj", "{FF1664AE-4921-4A08-8A52-16DAF68A36B8}"
EndProject
Project("{2150E333-8FDC-42A3-9474-1A3956D46DE8}") = "tests", "tests", "{0AB3BF05-4346-4AA6-1389-037BE0695223}"
EndProject
Project("{FAE04EC0-301F-11D3-BF4B-00C04F79EFBC}") = "OpenPlane.Core.Tests", "tests\OpenPlane.Core.Tests\OpenPlane.Core.Tests.csproj", "{01FE4A60-0AE9-489C-9A78-6BB42FA8ECD1}"
EndProject
Project("{FAE04EC0-301F-11D3-BF4B-00C04F79EFBC}") = "OpenPlane.IntegrationTests", "tests\OpenPlane.IntegrationTests\OpenPlane.IntegrationTests.csproj", "{3DBD8E1A-4F36-41E8-90BB-70A69C68DD06}"
EndProject
Project("{FAE04EC0-301F-11D3-BF4B-00C04F79EFBC}") = "OpenPlane.RegressionTests", "tests\OpenPlane.RegressionTests\OpenPlane.RegressionTests.csproj", "{56F4024D-6FEB-4FD6-ACC8-F6FEA0EE710B}"
EndProject
Global
	GlobalSection(SolutionConfigurationPlatforms) = preSolution
		Debug|Any CPU = Debug|Any CPU
		Debug|x64 = Debug|x64
		Debug|x86 = Debug|x86
		Release|Any CPU = Release|Any CPU
		Release|x64 = Release|x64
		Release|x86 = Release|x86
	EndGlobalSection
	GlobalSection(ProjectConfigurationPlatforms) = postSolution
		{E4E77B48-A6EC-4A7F-B040-F5FA433D13F5}.Debug|Any CPU.ActiveCfg = Debug|Any CPU
		{E4E77B48-A6EC-4A7F-B040-F5FA433D13F5}.Debug|Any CPU.Build.0 = Debug|Any CPU
		{E4E77B48-A6EC-4A7F-B040-F5FA433D13F5}.Debug|x64.ActiveCfg = Debug|Any CPU
		{E4E77B48-A6EC-4A7F-B040-F5FA433D13F5}.Debug|x64.Build.0 = Debug|Any CPU
		{E4E77B48-A6EC-4A7F-B040-F5FA433D13F5}.Debug|x86.ActiveCfg = Debug|Any CPU
		{E4E77B48-A6EC-4A7F-B040-F5FA433D13F5}.Debug|x86.Build.0 = Debug|Any CPU
		{E4E77B48-A6EC-4A7F-B040-F5FA433D13F5}.Release|Any CPU.ActiveCfg = Release|Any CPU
		{E4E77B48-A6EC-4A7F-B040-F5FA433D13F5}.Release|Any CPU.Build.0 = Release|Any CPU
		{E4E77B48-A6EC-4A7F-B040-F5FA433D13F5}.Release|x64.ActiveCfg = Release|Any CPU
		{E4E77B48-A6EC-4A7F-B040-F5FA433D13F5}.Release|x64.Build.0 = Release|Any CPU
		{E4E77B48-A6EC-4A7F-B040-F5FA433D13F5}.Release|x86.ActiveCfg = Release|Any CPU
		{E4E77B48-A6EC-4A7F-B040-F5FA433D13F5}.Release|x86.Build.0 = Release|Any CPU
		{4A95D79D-FECB-4F01-8F8F-9D9C10C484AE}.Debug|Any CPU.ActiveCfg = Debug|Any CPU
		{4A95D79D-FECB-4F01-8F8F-9D9C10C484AE}.Debug|Any CPU.Build.0 = Debug|Any CPU
		{4A95D79D-FECB-4F01-8F8F-9D9C10C484AE}.Debug|x64.ActiveCfg = Debug|Any CPU
		{4A95D79D-FECB-4F01-8F8F-9D9C10C484AE}.Debug|x64.Build.0 = Debug|Any CPU
		{4A95D79D-FECB-4F01-8F8F-9D9C10C484AE}.Debug|x86.ActiveCfg = Debug|Any CPU
		{4A95D79D-FECB-4F01-8F8F-9D9C10C484AE}.Debug|x86.Build.0 = Debug|Any CPU
		{4A95D79D-FECB-4F01-8F8F-9D9C10C484AE}.Release|Any CPU.ActiveCfg = Release|Any CPU
		{4A95D79D-FECB-4F01-8F8F-9D9C10C484AE}.Release|Any CPU.Build.0 = Release|Any CPU
		{4A95D79D-FECB-4F01-8F8F-9D9C10C484AE}.Release|x64.ActiveCfg = Release|Any CPU
		{4A95D79D-FECB-4F01-8F8F-9D9C10C484AE}.Release|x64.Build.0 = Release|Any CPU
		{4A95D79D-FECB-4F01-8F8F-9D9C10C484AE}.Release|x86.ActiveCfg = Release|Any CPU
		{4A95D79D-FECB-4F01-8F8F-9D9C10C484AE}.Release|x86.Build.0 = Release|Any CPU
		{63474659-B636-4A6C-922A-7C8A2D817B9E}.Debug|Any CPU.ActiveCfg = Debug|Any CPU
		{63474659-B636-4A6C-922A-7C8A2D817B9E}.Debug|Any CPU.Build.0 = Debug|Any CPU
		{63474659-B636-4A6C-922A-7C8A2D817B9E}.Debug|x64.ActiveCfg = Debug|Any CPU
		{63474659-B636-4A6C-922A-7C8A2D817B9E}.Debug|x64.Build.0 = Debug|Any CPU
		{63474659-B636-4A6C-922A-7C8A2D817B9E}.Debug|x86.ActiveCfg = Debug|Any CPU
		{63474659-B636-4A6C-922A-7C8A2D817B9E}.Debug|x86.Build.0 = Debug|Any CPU
		{63474659-B636-4A6C-922A-7C8A2D817B9E}.Release|Any CPU.ActiveCfg = Release|Any CPU
		{63474659-B636-4A6C-922A-7C8A2D817B9E}.Release|Any CPU.Build.0 = Release|Any CPU
		{63474659-B636-4A6C-922A-7C8A2D817B9E}.Release|x64.ActiveCfg = Release|Any CPU
		{63474659-B636-4A6C-922A-7C8A2D817B9E}.Release|x64.Build.0 = Release|Any CPU
		{63474659-B636-4A6C-922A-7C8A2D817B9E}.Release|x86.ActiveCfg = Release|Any CPU
		{63474659-B636-4A6C-922A-7C8A2D817B9E}.Release|x86.Build.0 = Release|Any CPU
		{7FFA30AF-A990-44F3-8934-1C033FC5BEFF}.Debug|Any CPU.ActiveCfg = Debug|Any CPU
		{7FFA30AF-A990-44F3-8934-1C033FC5BEFF}.Debug|Any CPU.Build.0 = Debug|Any CPU
		{7FFA30AF-A990-44F3-8934-1C033FC5BEFF}.Debug|x64.ActiveCfg = Debug|Any CPU
		{7FFA30AF-A990-44F3-8934-1C033FC5BEFF}.Debug|x64.Build.0 = Debug|Any CPU
		{7FFA30AF-A990-44F3-8934-1C033FC5BEFF}.Debug|x86.ActiveCfg = Debug|Any CPU
		{7FFA30AF-A990-44F3-8934-1C033FC5BEFF}.Debug|x86.Build.0 = Debug|Any CPU
		{7FFA30AF-A990-44F3-8934-1C033FC5BEFF}.Release|Any CPU.ActiveCfg = Release|Any CPU
		{7FFA30AF-A990-44F3-8934-1C033FC5BEFF}.Release|Any CPU.Build.0 = Release|Any CPU
		{7FFA30AF-A990-44F3-8934-1C033FC5BEFF}.Release|x64.ActiveCfg = Release|Any CPU
		{7FFA30AF-A990-44F3-8934-1C033FC5BEFF}.Release|x64.Build.0 = Release|Any CPU
		{7FFA30AF-A990-44F3-8934-1C033FC5BEFF}.Release|x86.ActiveCfg = Release|Any CPU
		{7FFA30AF-A990-44F3-8934-1C033FC5BEFF}.Release|x86.Build.0 = Release|Any CPU
		{FF1664AE-4921-4A08-8A52-16DAF68A36B8}.Debug|Any CPU.ActiveCfg = Debug|Any CPU
		{FF1664AE-4921-4A08-8A52-16DAF68A36B8}.Debug|Any CPU.Build.0 = Debug|Any CPU
		{FF1664AE-4921-4A08-8A52-16DAF68A36B8}.Debug|x64.ActiveCfg = Debug|Any CPU
		{FF1664AE-4921-4A08-8A52-16DAF68A36B8}.Debug|x64.Build.0 = Debug|Any CPU
		{FF1664AE-4921-4A08-8A52-16DAF68A36B8}.Debug|x86.ActiveCfg = Debug|Any CPU
		{FF1664AE-4921-4A08-8A52-16DAF68A36B8}.Debug|x86.Build.0 = Debug|Any CPU
		{FF1664AE-4921-4A08-8A52-16DAF68A36B8}.Release|Any CPU.ActiveCfg = Release|Any CPU
		{FF1664AE-4921-4A08-8A52-16DAF68A36B8}.Release|Any CPU.Build.0 = Release|Any CPU
		{FF1664AE-4921-4A08-8A52-16DAF68A36B8}.Release|x64.ActiveCfg = Release|Any CPU
		{FF1664AE-4921-4A08-8A52-16DAF68A36B8}.Release|x64.Build.0 = Release|Any CPU
		{FF1664AE-4921-4A08-8A52-16DAF68A36B8}.Release|x86.ActiveCfg = Release|Any CPU
		{FF1664AE-4921-4A08-8A52-16DAF68A36B8}.Release|x86.Build.0 = Release|Any CPU
		{01FE4A60-0AE9-489C-9A78-6BB42FA8ECD1}.Debug|Any CPU.ActiveCfg = Debug|Any CPU
		{01FE4A60-0AE9-489C-9A78-6BB42FA8ECD1}.Debug|Any CPU.Build.0 = Debug|Any CPU
		{01FE4A60-0AE9-489C-9A78-6BB42FA8ECD1}.Debug|x64.ActiveCfg = Debug|Any CPU
		{01FE4A60-0AE9-489C-9A78-6BB42FA8ECD1}.Debug|x64.Build.0 = Debug|Any CPU
		{01FE4A60-0AE9-489C-9A78-6BB42FA8ECD1}.Debug|x86.ActiveCfg = Debug|Any CPU
		{01FE4A60-0AE9-489C-9A78-6BB42FA8ECD1}.Debug|x86.Build.0 = Debug|Any CPU
		{01FE4A60-0AE9-489C-9A78-6BB42FA8ECD1}.Release|Any CPU.ActiveCfg = Release|Any CPU
		{01FE4A60-0AE9-489C-9A78-6BB42FA8ECD1}.Release|Any CPU.Build.0 = Release|Any CPU
		{01FE4A60-0AE9-489C-9A78-6BB42FA8ECD1}.Release|x64.ActiveCfg = Release|Any CPU
		{01FE4A60-0AE9-489C-9A78-6BB42FA8ECD1}.Release|x64.Build.0 = Release|Any CPU
		{01FE4A60-0AE9-489C-9A78-6BB42FA8ECD1}.Release|x86.ActiveCfg = Release|Any CPU
		{01FE4A60-0AE9-489C-9A78-6BB42FA8ECD1}.Release|x86.Build.0 = Release|Any CPU
		{3DBD8E1A-4F36-41E8-90BB-70A69C68DD06}.Debug|Any CPU.ActiveCfg = Debug|Any CPU
		{3DBD8E1A-4F36-41E8-90BB-70A69C68DD06}.Debug|Any CPU.Build.0 = Debug|Any CPU
		{3DBD8E1A-4F36-41E8-90BB-70A69C68DD06}.Debug|x64.ActiveCfg = Debug|Any CPU
		{3DBD8E1A-4F36-41E8-90BB-70A69C68DD06}.Debug|x64.Build.0 = Debug|Any CPU
		{3DBD8E1A-4F36-41E8-90BB-70A69C68DD06}.Debug|x86.ActiveCfg = Debug|Any CPU
		{3DBD8E1A-4F36-41E8-90BB-70A69C68DD06}.Debug|x86.Build.0 = Debug|Any CPU
		{3DBD8E1A-4F36-41E8-90BB-70A69C68DD06}.Release|Any CPU.ActiveCfg = Release|Any CPU
		{3DBD8E1A-4F36-41E8-90BB-70A69C68DD06}.Release|Any CPU.Build.0 = Release|Any CPU
		{3DBD8E1A-4F36-41E8-90BB-70A69C68DD06}.Release|x64.ActiveCfg = Release|Any CPU
		{3DBD8E1A-4F36-41E8-90BB-70A69C68DD06}.Release|x64.Build.0 = Release|Any CPU
		{3DBD8E1A-4F36-41E8-90BB-70A69C68DD06}.Release|x86.ActiveCfg = Release|Any CPU
		{3DBD8E1A-4F36-41E8-90BB-70A69C68DD06}.Release|x86.Build.0 = Release|Any CPU
		{56F4024D-6FEB-4FD6-ACC8-F6FEA0EE710B}.Debug|Any CPU.ActiveCfg = Debug|Any CPU
		{56F4024D-6FEB-4FD6-ACC8-F6FEA0EE710B}.Debug|Any CPU.Build.0 = Debug|Any CPU
		{56F4024D-6FEB-4FD6-ACC8-F6FEA0EE710B}.Debug|x64.ActiveCfg = Debug|Any CPU
		{56F4024D-6FEB-4FD6-ACC8-F6FEA0EE710B}.Debug|x64.Build.0 = Debug|Any CPU
		{56F4024D-6FEB-4FD6-ACC8-F6FEA0EE710B}.Debug|x86.ActiveCfg = Debug|Any CPU
		{56F4024D-6FEB-4FD6-ACC8-F6FEA0EE710B}.Debug|x86.Build.0 = Debug|Any CPU
		{56F4024D-6FEB-4FD6-ACC8-F6FEA0EE710B}.Release|Any CPU.ActiveCfg = Release|Any CPU
		{56F4024D-6FEB-4FD6-ACC8-F6FEA0EE710B}.Release|Any CPU.Build.0 = Release|Any CPU
		{56F4024D-6FEB-4FD6-ACC8-F6FEA0EE710B}.Release|x64.ActiveCfg = Release|Any CPU
		{56F4024D-6FEB-4FD6-ACC8-F6FEA0EE710B}.Release|x64.Build.0 = Release|Any CPU
		{56F4024D-6FEB-4FD6-ACC8-F6FEA0EE710B}.Release|x86.ActiveCfg = Release|Any CPU
		{56F4024D-6FEB-4FD6-ACC8-F6FEA0EE710B}.Release|x86.Build.0 = Release|Any CPU
	EndGlobalSection
	GlobalSection(SolutionProperties) = preSolution
		HideSolutionNode = FALSE
	EndGlobalSection
	GlobalSection(NestedProjects) = preSolution
		{E4E77B48-A6EC-4A7F-B040-F5FA433D13F5} = {827E0CD3-B72D-47B6-A68D-7590B98EB39B}
		{4A95D79D-FECB-4F01-8F8F-9D9C10C484AE} = {827E0CD3-B72D-47B6-A68D-7590B98EB39B}
		{63474659-B636-4A6C-922A-7C8A2D817B9E} = {827E0CD3-B72D-47B6-A68D-7590B98EB39B}
		{7FFA30AF-A990-44F3-8934-1C033FC5BEFF} = {827E0CD3-B72D-47B6-A68D-7590B98EB39B}
		{FF1664AE-4921-4A08-8A52-16DAF68A36B8} = {827E0CD3-B72D-47B6-A68D-7590B98EB39B}
		{01FE4A60-0AE9-489C-9A78-6BB42FA8ECD1} = {0AB3BF05-4346-4AA6-1389-037BE0695223}
		{3DBD8E1A-4F36-41E8-90BB-70A69C68DD06} = {0AB3BF05-4346-4AA6-1389-037BE0695223}
		{56F4024D-6FEB-4FD6-ACC8-F6FEA0EE710B} = {0AB3BF05-4346-4AA6-1389-037BE0695223}
	EndGlobalSection
EndGlobal
